// !$*UTF8*$!
{
	archiveVersion = 1;
	classes = {
	};
	objectVersion = 48;
	objects = {

/* Begin PBXBuildFile section */
		130D4EBA19A4F2D0E2B0576B /* Pods_Movies_TvsUITests.framework in Frameworks */ = {isa = PBXBuildFile; fileRef = 802594CEB8C7E19AD38DA6E6 /* Pods_Movies_TvsUITests.framework */; };
		40815BB68687F49B0EFB0EED /* Pods_Movies_Tvs.framework in Frameworks */ = {isa = PBXBuildFile; fileRef = C873BFDF85279D3172A01F56 /* Pods_Movies_Tvs.framework */; };
		74D6D7A3D2CB77C6E594448D /* Pods_Movies_TvsTests.framework in Frameworks */ = {isa = PBXBuildFile; fileRef = F7BB065412C782E8262C8001 /* Pods_Movies_TvsTests.framework */; };
		8EBAE4DFA858BDBECC9A97A6 /* Pods_MoviesTV.framework in Frameworks */ = {isa = PBXBuildFile; fileRef = DBBA87698869DFC5CDBD5B72 /* Pods_MoviesTV.framework */; };
		93929CD1735AAB1317625573 /* Pods_MoviesTVTests.framework in Frameworks */ = {isa = PBXBuildFile; fileRef = 56B41B4F12AB07107945C915 /* Pods_MoviesTVTests.framework */; };
		96A97085276F1BCEDF71C71D /* Pods_MoviesTVUITests.framework in Frameworks */ = {isa = PBXBuildFile; fileRef = 079975A8DD03B8589D64D8F8 /* Pods_MoviesTVUITests.framework */; };
		EA1471B621558AB3001B1D0E /* AppDelegate.swift in Sources */ = {isa = PBXBuildFile; fileRef = EA1471B521558AB3001B1D0E /* AppDelegate.swift */; };
		EA1471BD21558AB3001B1D0E /* Assets.xcassets in Resources */ = {isa = PBXBuildFile; fileRef = EA1471BC21558AB3001B1D0E /* Assets.xcassets */; };
		EA1471C021558AB3001B1D0E /* LaunchScreen.storyboard in Resources */ = {isa = PBXBuildFile; fileRef = EA1471BE21558AB3001B1D0E /* LaunchScreen.storyboard */; };
		EA1471CB21558AB3001B1D0E /* Movies_TvsTests.swift in Sources */ = {isa = PBXBuildFile; fileRef = EA1471CA21558AB3001B1D0E /* Movies_TvsTests.swift */; };
		EA1471D621558AB3001B1D0E /* Movies_TvsUITests.swift in Sources */ = {isa = PBXBuildFile; fileRef = EA1471D521558AB3001B1D0E /* Movies_TvsUITests.swift */; };
		EA14CD252159212800EA7C55 /* DetailViewModel.swift in Sources */ = {isa = PBXBuildFile; fileRef = EA14CD242159212800EA7C55 /* DetailViewModel.swift */; };
		EA14CD27215959CC00EA7C55 /* Router.swift in Sources */ = {isa = PBXBuildFile; fileRef = EA14CD26215959CC00EA7C55 /* Router.swift */; };
		EA14CD2C21598C6900EA7C55 /* Video.swift in Sources */ = {isa = PBXBuildFile; fileRef = EA14CD2B21598C6900EA7C55 /* Video.swift */; };
		EA14CD302159D47700EA7C55 /* ProgramsViewModelTests.swift in Sources */ = {isa = PBXBuildFile; fileRef = EA14CD2F2159D47700EA7C55 /* ProgramsViewModelTests.swift */; };
		EA14CD312159D97700EA7C55 /* Movies.json in Resources */ = {isa = PBXBuildFile; fileRef = EAFC217521559410003C2176 /* Movies.json */; };
		EA14CD322159D97A00EA7C55 /* Tv.json in Resources */ = {isa = PBXBuildFile; fileRef = EAFC21732155939C003C2176 /* Tv.json */; };
		EA14CD352159E4C400EA7C55 /* DetailViewModelTests.swift in Sources */ = {isa = PBXBuildFile; fileRef = EA14CD332159E4C100EA7C55 /* DetailViewModelTests.swift */; };
		EA14CD372159E55600EA7C55 /* Movie.json in Resources */ = {isa = PBXBuildFile; fileRef = EA14CD362159E55600EA7C55 /* Movie.json */; };
		EA14CD392159E5A100EA7C55 /* TvShow.json in Resources */ = {isa = PBXBuildFile; fileRef = EA14CD382159E5A100EA7C55 /* TvShow.json */; };
		EA14CD3B2159E5AC00EA7C55 /* TvShow.json in Resources */ = {isa = PBXBuildFile; fileRef = EA14CD382159E5A100EA7C55 /* TvShow.json */; };
		EA4B24E321588FF4000C457D /* DetailViewController.swift in Sources */ = {isa = PBXBuildFile; fileRef = EA4B24E221588FF4000C457D /* DetailViewController.swift */; };
		EAD5A9B52156E17800DA7EB4 /* ProgramsViewModel.swift in Sources */ = {isa = PBXBuildFile; fileRef = EAD5A9B42156E17800DA7EB4 /* ProgramsViewModel.swift */; };
		EAD5A9BB2156E1BA00DA7EB4 /* ProgamListVC.swift in Sources */ = {isa = PBXBuildFile; fileRef = EAD5A9B82156E1BA00DA7EB4 /* ProgamListVC.swift */; };
		EAD5A9BC2156E1BA00DA7EB4 /* ProgamListVC.storyboard in Resources */ = {isa = PBXBuildFile; fileRef = EAD5A9B92156E1BA00DA7EB4 /* ProgamListVC.storyboard */; };
		EAD5A9BE2156E1D100DA7EB4 /* MovieList.swift in Sources */ = {isa = PBXBuildFile; fileRef = EAD5A9BD2156E1D100DA7EB4 /* MovieList.swift */; };
		EAD5A9C12156E7BE00DA7EB4 /* UINavigationControllerExtension.swift in Sources */ = {isa = PBXBuildFile; fileRef = EAD5A9C02156E7BE00DA7EB4 /* UINavigationControllerExtension.swift */; };
		EAD5A9C32156F1D500DA7EB4 /* ProgramListCell.xib in Resources */ = {isa = PBXBuildFile; fileRef = EAD5A9C22156F1D500DA7EB4 /* ProgramListCell.xib */; };
		EAD5A9C52156FFCB00DA7EB4 /* ProgramListCell.swift in Sources */ = {isa = PBXBuildFile; fileRef = EAD5A9C42156FFCB00DA7EB4 /* ProgramListCell.swift */; };
		EAD5A9C72157103F00DA7EB4 /* TVList.swift in Sources */ = {isa = PBXBuildFile; fileRef = EAD5A9C62157103F00DA7EB4 /* TVList.swift */; };
		EAD5A9CA2157F37A00DA7EB4 /* GlobalEnums.swift in Sources */ = {isa = PBXBuildFile; fileRef = EAD5A9C92157F37A00DA7EB4 /* GlobalEnums.swift */; };
		EAF9978F2158771500E544B3 /* UIAppStyles.swift in Sources */ = {isa = PBXBuildFile; fileRef = EAF9978E2158771500E544B3 /* UIAppStyles.swift */; };
		EAFC216F21558D8B003C2176 /* MovieTvAPI.swift in Sources */ = {isa = PBXBuildFile; fileRef = EAFC216E21558D8B003C2176 /* MovieTvAPI.swift */; };
		EAFC21742155939C003C2176 /* Tv.json in Resources */ = {isa = PBXBuildFile; fileRef = EAFC21732155939C003C2176 /* Tv.json */; };
		EAFC217621559410003C2176 /* Movies.json in Resources */ = {isa = PBXBuildFile; fileRef = EAFC217521559410003C2176 /* Movies.json */; };
		EAFC217921559DF0003C2176 /* Movie.swift in Sources */ = {isa = PBXBuildFile; fileRef = EAFC217821559DF0003C2176 /* Movie.swift */; };
		EAFC217B2155A1B5003C2176 /* TVShow.swift in Sources */ = {isa = PBXBuildFile; fileRef = EAFC217A2155A1B5003C2176 /* TVShow.swift */; };
		EAFC217D2155A212003C2176 /* Program.swift in Sources */ = {isa = PBXBuildFile; fileRef = EAFC217C2155A212003C2176 /* Program.swift */; };
/* End PBXBuildFile section */

/* Begin PBXContainerItemProxy section */
		EA1471C721558AB3001B1D0E /* PBXContainerItemProxy */ = {
			isa = PBXContainerItemProxy;
			containerPortal = EA1471AA21558AB3001B1D0E /* Project object */;
			proxyType = 1;
			remoteGlobalIDString = EA1471B121558AB3001B1D0E;
			remoteInfo = "Movies&Tvs";
		};
		EA1471D221558AB3001B1D0E /* PBXContainerItemProxy */ = {
			isa = PBXContainerItemProxy;
			containerPortal = EA1471AA21558AB3001B1D0E /* Project object */;
			proxyType = 1;
			remoteGlobalIDString = EA1471B121558AB3001B1D0E;
			remoteInfo = "Movies&Tvs";
		};
/* End PBXContainerItemProxy section */

/* Begin PBXFileReference section */
		079975A8DD03B8589D64D8F8 /* Pods_MoviesTVUITests.framework */ = {isa = PBXFileReference; explicitFileType = wrapper.framework; includeInIndex = 0; path = Pods_MoviesTVUITests.framework; sourceTree = BUILT_PRODUCTS_DIR; };
		0EEF8512E38A1973772C9909 /* Pods-Movies&Tvs.release.xcconfig */ = {isa = PBXFileReference; includeInIndex = 1; lastKnownFileType = text.xcconfig; name = "Pods-Movies&Tvs.release.xcconfig"; path = "Pods/Target Support Files/Pods-Movies&Tvs/Pods-Movies&Tvs.release.xcconfig"; sourceTree = "<group>"; };
		341FDD74122E29D6226CC5DD /* Pods-MoviesTVTests.release.xcconfig */ = {isa = PBXFileReference; includeInIndex = 1; lastKnownFileType = text.xcconfig; name = "Pods-MoviesTVTests.release.xcconfig"; path = "Pods/Target Support Files/Pods-MoviesTVTests/Pods-MoviesTVTests.release.xcconfig"; sourceTree = "<group>"; };
		4FBB373860FB98655688F3CB /* Pods-MoviesTVUITests.release.xcconfig */ = {isa = PBXFileReference; includeInIndex = 1; lastKnownFileType = text.xcconfig; name = "Pods-MoviesTVUITests.release.xcconfig"; path = "Pods/Target Support Files/Pods-MoviesTVUITests/Pods-MoviesTVUITests.release.xcconfig"; sourceTree = "<group>"; };
		56B41B4F12AB07107945C915 /* Pods_MoviesTVTests.framework */ = {isa = PBXFileReference; explicitFileType = wrapper.framework; includeInIndex = 0; path = Pods_MoviesTVTests.framework; sourceTree = BUILT_PRODUCTS_DIR; };
		5C293FB152C6913117B6B6A4 /* Pods-Movies&TvsTests.debug.xcconfig */ = {isa = PBXFileReference; includeInIndex = 1; lastKnownFileType = text.xcconfig; name = "Pods-Movies&TvsTests.debug.xcconfig"; path = "Pods/Target Support Files/Pods-Movies&TvsTests/Pods-Movies&TvsTests.debug.xcconfig"; sourceTree = "<group>"; };
		668DBCF082A0E87FFE3EF2FB /* Pods-Movies&TvsUITests.debug.xcconfig */ = {isa = PBXFileReference; includeInIndex = 1; lastKnownFileType = text.xcconfig; name = "Pods-Movies&TvsUITests.debug.xcconfig"; path = "Pods/Target Support Files/Pods-Movies&TvsUITests/Pods-Movies&TvsUITests.debug.xcconfig"; sourceTree = "<group>"; };
		72A47C88BD1010BA67DBD7D5 /* Pods-Movies&TvsTests.release.xcconfig */ = {isa = PBXFileReference; includeInIndex = 1; lastKnownFileType = text.xcconfig; name = "Pods-Movies&TvsTests.release.xcconfig"; path = "Pods/Target Support Files/Pods-Movies&TvsTests/Pods-Movies&TvsTests.release.xcconfig"; sourceTree = "<group>"; };
		802594CEB8C7E19AD38DA6E6 /* Pods_Movies_TvsUITests.framework */ = {isa = PBXFileReference; explicitFileType = wrapper.framework; includeInIndex = 0; path = Pods_Movies_TvsUITests.framework; sourceTree = BUILT_PRODUCTS_DIR; };
		A8A6E2965D435CA5CE1A4685 /* Pods-Movies&Tvs.debug.xcconfig */ = {isa = PBXFileReference; includeInIndex = 1; lastKnownFileType = text.xcconfig; name = "Pods-Movies&Tvs.debug.xcconfig"; path = "Pods/Target Support Files/Pods-Movies&Tvs/Pods-Movies&Tvs.debug.xcconfig"; sourceTree = "<group>"; };
		AE0AB3D0B3EE84941A3529CE /* Pods-MoviesTV.debug.xcconfig */ = {isa = PBXFileReference; includeInIndex = 1; lastKnownFileType = text.xcconfig; name = "Pods-MoviesTV.debug.xcconfig"; path = "Pods/Target Support Files/Pods-MoviesTV/Pods-MoviesTV.debug.xcconfig"; sourceTree = "<group>"; };
		B5C5410BC86A9162A5C4ED86 /* Pods-MoviesTV.release.xcconfig */ = {isa = PBXFileReference; includeInIndex = 1; lastKnownFileType = text.xcconfig; name = "Pods-MoviesTV.release.xcconfig"; path = "Pods/Target Support Files/Pods-MoviesTV/Pods-MoviesTV.release.xcconfig"; sourceTree = "<group>"; };
		C873BFDF85279D3172A01F56 /* Pods_Movies_Tvs.framework */ = {isa = PBXFileReference; explicitFileType = wrapper.framework; includeInIndex = 0; path = Pods_Movies_Tvs.framework; sourceTree = BUILT_PRODUCTS_DIR; };
		DBBA87698869DFC5CDBD5B72 /* Pods_MoviesTV.framework */ = {isa = PBXFileReference; explicitFileType = wrapper.framework; includeInIndex = 0; path = Pods_MoviesTV.framework; sourceTree = BUILT_PRODUCTS_DIR; };
		E79FEF6D22FE22369F8F6290 /* Pods-MoviesTVUITests.debug.xcconfig */ = {isa = PBXFileReference; includeInIndex = 1; lastKnownFileType = text.xcconfig; name = "Pods-MoviesTVUITests.debug.xcconfig"; path = "Pods/Target Support Files/Pods-MoviesTVUITests/Pods-MoviesTVUITests.debug.xcconfig"; sourceTree = "<group>"; };
		E981A7AAC99C3AF01CD2A619 /* Pods-MoviesTVTests.debug.xcconfig */ = {isa = PBXFileReference; includeInIndex = 1; lastKnownFileType = text.xcconfig; name = "Pods-MoviesTVTests.debug.xcconfig"; path = "Pods/Target Support Files/Pods-MoviesTVTests/Pods-MoviesTVTests.debug.xcconfig"; sourceTree = "<group>"; };
		EA1471B221558AB3001B1D0E /* MoviesTV.app */ = {isa = PBXFileReference; explicitFileType = wrapper.application; includeInIndex = 0; path = MoviesTV.app; sourceTree = BUILT_PRODUCTS_DIR; };
		EA1471B521558AB3001B1D0E /* AppDelegate.swift */ = {isa = PBXFileReference; lastKnownFileType = sourcecode.swift; path = AppDelegate.swift; sourceTree = "<group>"; };
		EA1471BC21558AB3001B1D0E /* Assets.xcassets */ = {isa = PBXFileReference; lastKnownFileType = folder.assetcatalog; path = Assets.xcassets; sourceTree = "<group>"; };
		EA1471BF21558AB3001B1D0E /* Base */ = {isa = PBXFileReference; lastKnownFileType = file.storyboard; name = Base; path = Base.lproj/LaunchScreen.storyboard; sourceTree = "<group>"; };
		EA1471C121558AB3001B1D0E /* Info.plist */ = {isa = PBXFileReference; lastKnownFileType = text.plist.xml; path = Info.plist; sourceTree = "<group>"; };
		EA1471C621558AB3001B1D0E /* MoviesTVTests.xctest */ = {isa = PBXFileReference; explicitFileType = wrapper.cfbundle; includeInIndex = 0; path = MoviesTVTests.xctest; sourceTree = BUILT_PRODUCTS_DIR; };
		EA1471CA21558AB3001B1D0E /* Movies_TvsTests.swift */ = {isa = PBXFileReference; lastKnownFileType = sourcecode.swift; path = Movies_TvsTests.swift; sourceTree = "<group>"; };
		EA1471CC21558AB3001B1D0E /* Info.plist */ = {isa = PBXFileReference; lastKnownFileType = text.plist.xml; path = Info.plist; sourceTree = "<group>"; };
		EA1471D121558AB3001B1D0E /* MoviesTVUITests.xctest */ = {isa = PBXFileReference; explicitFileType = wrapper.cfbundle; includeInIndex = 0; path = MoviesTVUITests.xctest; sourceTree = BUILT_PRODUCTS_DIR; };
		EA1471D521558AB3001B1D0E /* Movies_TvsUITests.swift */ = {isa = PBXFileReference; lastKnownFileType = sourcecode.swift; path = Movies_TvsUITests.swift; sourceTree = "<group>"; };
		EA1471D721558AB3001B1D0E /* Info.plist */ = {isa = PBXFileReference; lastKnownFileType = text.plist.xml; path = Info.plist; sourceTree = "<group>"; };
		EA14CD242159212800EA7C55 /* DetailViewModel.swift */ = {isa = PBXFileReference; lastKnownFileType = sourcecode.swift; path = DetailViewModel.swift; sourceTree = "<group>"; };
		EA14CD26215959CC00EA7C55 /* Router.swift */ = {isa = PBXFileReference; lastKnownFileType = sourcecode.swift; path = Router.swift; sourceTree = "<group>"; };
		EA14CD2B21598C6900EA7C55 /* Video.swift */ = {isa = PBXFileReference; lastKnownFileType = sourcecode.swift; path = Video.swift; sourceTree = "<group>"; };
		EA14CD2F2159D47700EA7C55 /* ProgramsViewModelTests.swift */ = {isa = PBXFileReference; lastKnownFileType = sourcecode.swift; path = ProgramsViewModelTests.swift; sourceTree = "<group>"; };
		EA14CD332159E4C100EA7C55 /* DetailViewModelTests.swift */ = {isa = PBXFileReference; lastKnownFileType = sourcecode.swift; path = DetailViewModelTests.swift; sourceTree = "<group>"; };
		EA14CD362159E55600EA7C55 /* Movie.json */ = {isa = PBXFileReference; fileEncoding = 4; lastKnownFileType = text.json; path = Movie.json; sourceTree = "<group>"; };
		EA14CD382159E5A100EA7C55 /* TvShow.json */ = {isa = PBXFileReference; fileEncoding = 4; lastKnownFileType = text.json; path = TvShow.json; sourceTree = "<group>"; };
		EA4B24E221588FF4000C457D /* DetailViewController.swift */ = {isa = PBXFileReference; lastKnownFileType = sourcecode.swift; path = DetailViewController.swift; sourceTree = "<group>"; };
		EAD5A9B42156E17800DA7EB4 /* ProgramsViewModel.swift */ = {isa = PBXFileReference; fileEncoding = 4; lastKnownFileType = sourcecode.swift; path = ProgramsViewModel.swift; sourceTree = "<group>"; };
		EAD5A9B82156E1BA00DA7EB4 /* ProgamListVC.swift */ = {isa = PBXFileReference; fileEncoding = 4; lastKnownFileType = sourcecode.swift; path = ProgamListVC.swift; sourceTree = "<group>"; };
		EAD5A9BA2156E1BA00DA7EB4 /* Base */ = {isa = PBXFileReference; lastKnownFileType = file.storyboard; name = Base; path = Base.lproj/ProgamListVC.storyboard; sourceTree = "<group>"; };
		EAD5A9BD2156E1D100DA7EB4 /* MovieList.swift */ = {isa = PBXFileReference; fileEncoding = 4; lastKnownFileType = sourcecode.swift; path = MovieList.swift; sourceTree = "<group>"; };
		EAD5A9C02156E7BE00DA7EB4 /* UINavigationControllerExtension.swift */ = {isa = PBXFileReference; fileEncoding = 4; lastKnownFileType = sourcecode.swift; path = UINavigationControllerExtension.swift; sourceTree = "<group>"; };
		EAD5A9C22156F1D500DA7EB4 /* ProgramListCell.xib */ = {isa = PBXFileReference; lastKnownFileType = file.xib; path = ProgramListCell.xib; sourceTree = "<group>"; };
		EAD5A9C42156FFCB00DA7EB4 /* ProgramListCell.swift */ = {isa = PBXFileReference; lastKnownFileType = sourcecode.swift; path = ProgramListCell.swift; sourceTree = "<group>"; };
		EAD5A9C62157103F00DA7EB4 /* TVList.swift */ = {isa = PBXFileReference; lastKnownFileType = sourcecode.swift; path = TVList.swift; sourceTree = "<group>"; };
		EAD5A9C92157F37A00DA7EB4 /* GlobalEnums.swift */ = {isa = PBXFileReference; lastKnownFileType = sourcecode.swift; path = GlobalEnums.swift; sourceTree = "<group>"; };
		EAF9978E2158771500E544B3 /* UIAppStyles.swift */ = {isa = PBXFileReference; lastKnownFileType = sourcecode.swift; path = UIAppStyles.swift; sourceTree = "<group>"; };
		EAFC216E21558D8B003C2176 /* MovieTvAPI.swift */ = {isa = PBXFileReference; lastKnownFileType = sourcecode.swift; path = MovieTvAPI.swift; sourceTree = "<group>"; };
		EAFC21732155939C003C2176 /* Tv.json */ = {isa = PBXFileReference; fileEncoding = 4; lastKnownFileType = text.json; path = Tv.json; sourceTree = "<group>"; };
		EAFC217521559410003C2176 /* Movies.json */ = {isa = PBXFileReference; fileEncoding = 4; lastKnownFileType = text.json; path = Movies.json; sourceTree = "<group>"; };
		EAFC217821559DF0003C2176 /* Movie.swift */ = {isa = PBXFileReference; lastKnownFileType = sourcecode.swift; path = Movie.swift; sourceTree = "<group>"; };
		EAFC217A2155A1B5003C2176 /* TVShow.swift */ = {isa = PBXFileReference; lastKnownFileType = sourcecode.swift; path = TVShow.swift; sourceTree = "<group>"; };
		EAFC217C2155A212003C2176 /* Program.swift */ = {isa = PBXFileReference; lastKnownFileType = sourcecode.swift; path = Program.swift; sourceTree = "<group>"; };
		F52E4688A2E902CFEE00E8D3 /* Pods-Movies&TvsUITests.release.xcconfig */ = {isa = PBXFileReference; includeInIndex = 1; lastKnownFileType = text.xcconfig; name = "Pods-Movies&TvsUITests.release.xcconfig"; path = "Pods/Target Support Files/Pods-Movies&TvsUITests/Pods-Movies&TvsUITests.release.xcconfig"; sourceTree = "<group>"; };
		F7BB065412C782E8262C8001 /* Pods_Movies_TvsTests.framework */ = {isa = PBXFileReference; explicitFileType = wrapper.framework; includeInIndex = 0; path = Pods_Movies_TvsTests.framework; sourceTree = BUILT_PRODUCTS_DIR; };
/* End PBXFileReference section */

/* Begin PBXFrameworksBuildPhase section */
		EA1471AF21558AB3001B1D0E /* Frameworks */ = {
			isa = PBXFrameworksBuildPhase;
			buildActionMask = 2147483647;
			files = (
				40815BB68687F49B0EFB0EED /* Pods_Movies_Tvs.framework in Frameworks */,
				8EBAE4DFA858BDBECC9A97A6 /* Pods_MoviesTV.framework in Frameworks */,
			);
			runOnlyForDeploymentPostprocessing = 0;
		};
		EA1471C321558AB3001B1D0E /* Frameworks */ = {
			isa = PBXFrameworksBuildPhase;
			buildActionMask = 2147483647;
			files = (
				74D6D7A3D2CB77C6E594448D /* Pods_Movies_TvsTests.framework in Frameworks */,
				93929CD1735AAB1317625573 /* Pods_MoviesTVTests.framework in Frameworks */,
			);
			runOnlyForDeploymentPostprocessing = 0;
		};
		EA1471CE21558AB3001B1D0E /* Frameworks */ = {
			isa = PBXFrameworksBuildPhase;
			buildActionMask = 2147483647;
			files = (
				130D4EBA19A4F2D0E2B0576B /* Pods_Movies_TvsUITests.framework in Frameworks */,
				96A97085276F1BCEDF71C71D /* Pods_MoviesTVUITests.framework in Frameworks */,
			);
			runOnlyForDeploymentPostprocessing = 0;
		};
/* End PBXFrameworksBuildPhase section */

/* Begin PBXGroup section */
		52B90EF89723A9564ED99D67 /* Pods */ = {
			isa = PBXGroup;
			children = (
				A8A6E2965D435CA5CE1A4685 /* Pods-Movies&Tvs.debug.xcconfig */,
				0EEF8512E38A1973772C9909 /* Pods-Movies&Tvs.release.xcconfig */,
				5C293FB152C6913117B6B6A4 /* Pods-Movies&TvsTests.debug.xcconfig */,
				72A47C88BD1010BA67DBD7D5 /* Pods-Movies&TvsTests.release.xcconfig */,
				668DBCF082A0E87FFE3EF2FB /* Pods-Movies&TvsUITests.debug.xcconfig */,
				F52E4688A2E902CFEE00E8D3 /* Pods-Movies&TvsUITests.release.xcconfig */,
				AE0AB3D0B3EE84941A3529CE /* Pods-MoviesTV.debug.xcconfig */,
				B5C5410BC86A9162A5C4ED86 /* Pods-MoviesTV.release.xcconfig */,
				E981A7AAC99C3AF01CD2A619 /* Pods-MoviesTVTests.debug.xcconfig */,
				341FDD74122E29D6226CC5DD /* Pods-MoviesTVTests.release.xcconfig */,
				E79FEF6D22FE22369F8F6290 /* Pods-MoviesTVUITests.debug.xcconfig */,
				4FBB373860FB98655688F3CB /* Pods-MoviesTVUITests.release.xcconfig */,
			);
			name = Pods;
			sourceTree = "<group>";
		};
		62579A29626662BB95492307 /* Frameworks */ = {
			isa = PBXGroup;
			children = (
				C873BFDF85279D3172A01F56 /* Pods_Movies_Tvs.framework */,
				F7BB065412C782E8262C8001 /* Pods_Movies_TvsTests.framework */,
				802594CEB8C7E19AD38DA6E6 /* Pods_Movies_TvsUITests.framework */,
				DBBA87698869DFC5CDBD5B72 /* Pods_MoviesTV.framework */,
				56B41B4F12AB07107945C915 /* Pods_MoviesTVTests.framework */,
				079975A8DD03B8589D64D8F8 /* Pods_MoviesTVUITests.framework */,
			);
			name = Frameworks;
			sourceTree = "<group>";
		};
		EA1471A921558AB3001B1D0E = {
			isa = PBXGroup;
			children = (
				EA1471B421558AB3001B1D0E /* Movies&Tvs */,
				EA1471C921558AB3001B1D0E /* Movies&TvsTests */,
				EA1471D421558AB3001B1D0E /* Movies&TvsUITests */,
				EA1471B321558AB3001B1D0E /* Products */,
				52B90EF89723A9564ED99D67 /* Pods */,
				62579A29626662BB95492307 /* Frameworks */,
			);
			sourceTree = "<group>";
		};
		EA1471B321558AB3001B1D0E /* Products */ = {
			isa = PBXGroup;
			children = (
				EA1471B221558AB3001B1D0E /* MoviesTV.app */,
				EA1471C621558AB3001B1D0E /* MoviesTVTests.xctest */,
				EA1471D121558AB3001B1D0E /* MoviesTVUITests.xctest */,
			);
			name = Products;
			sourceTree = "<group>";
		};
		EA1471B421558AB3001B1D0E /* Movies&Tvs */ = {
			isa = PBXGroup;
			children = (
				EA14CD28215959DD00EA7C55 /* Navigation */,
				EAD5A9C82157F36200DA7EB4 /* Misc */,
				EAD5A9BF2156E7BE00DA7EB4 /* Extra */,
				EAD5A9B72156E1BA00DA7EB4 /* View */,
				EAD5A9B62156E17C00DA7EB4 /* ViewModel */,
				EAFC217721559485003C2176 /* Model */,
				EAFC216D21558D5E003C2176 /* API */,
				EA1471B521558AB3001B1D0E /* AppDelegate.swift */,
				EA1471BC21558AB3001B1D0E /* Assets.xcassets */,
				EA1471BE21558AB3001B1D0E /* LaunchScreen.storyboard */,
				EA1471C121558AB3001B1D0E /* Info.plist */,
			);
			path = "Movies&Tvs";
			sourceTree = "<group>";
		};
		EA1471C921558AB3001B1D0E /* Movies&TvsTests */ = {
			isa = PBXGroup;
			children = (
				EA14CD2E2159D44600EA7C55 /* Tests */,
				EAFC2170215592CA003C2176 /* Resource */,
				EA1471CA21558AB3001B1D0E /* Movies_TvsTests.swift */,
				EA1471CC21558AB3001B1D0E /* Info.plist */,
			);
			path = "Movies&TvsTests";
			sourceTree = "<group>";
		};
		EA1471D421558AB3001B1D0E /* Movies&TvsUITests */ = {
			isa = PBXGroup;
			children = (
				EA1471D521558AB3001B1D0E /* Movies_TvsUITests.swift */,
				EA1471D721558AB3001B1D0E /* Info.plist */,
			);
			path = "Movies&TvsUITests";
			sourceTree = "<group>";
		};
		EA14CD28215959DD00EA7C55 /* Navigation */ = {
			isa = PBXGroup;
			children = (
				EA14CD26215959CC00EA7C55 /* Router.swift */,
			);
			path = Navigation;
			sourceTree = "<group>";
		};
		EA14CD2D2159C65600EA7C55 /* DetailVC */ = {
			isa = PBXGroup;
			children = (
				EA4B24E221588FF4000C457D /* DetailViewController.swift */,
			);
			path = DetailVC;
			sourceTree = "<group>";
		};
		EA14CD2E2159D44600EA7C55 /* Tests */ = {
			isa = PBXGroup;
			children = (
				EA14CD332159E4C100EA7C55 /* DetailViewModelTests.swift */,
				EA14CD2F2159D47700EA7C55 /* ProgramsViewModelTests.swift */,
			);
			path = Tests;
			sourceTree = "<group>";
		};
		EA4B24E121588F9F000C457D /* ProgramListVC */ = {
			isa = PBXGroup;
			children = (
				EAD5A9B82156E1BA00DA7EB4 /* ProgamListVC.swift */,
				EAD5A9C22156F1D500DA7EB4 /* ProgramListCell.xib */,
				EAD5A9C42156FFCB00DA7EB4 /* ProgramListCell.swift */,
			);
			path = ProgramListVC;
			sourceTree = "<group>";
		};
		EAD5A9B62156E17C00DA7EB4 /* ViewModel */ = {
			isa = PBXGroup;
			children = (
				EAD5A9B42156E17800DA7EB4 /* ProgramsViewModel.swift */,
				EA14CD242159212800EA7C55 /* DetailViewModel.swift */,
			);
			name = ViewModel;
			path = "New Group";
			sourceTree = "<group>";
		};
		EAD5A9B72156E1BA00DA7EB4 /* View */ = {
			isa = PBXGroup;
			children = (
				EA14CD2D2159C65600EA7C55 /* DetailVC */,
				EAD5A9B92156E1BA00DA7EB4 /* ProgamListVC.storyboard */,
				EA4B24E121588F9F000C457D /* ProgramListVC */,
			);
			path = View;
			sourceTree = "<group>";
		};
		EAD5A9BF2156E7BE00DA7EB4 /* Extra */ = {
			isa = PBXGroup;
			children = (
				EAD5A9C02156E7BE00DA7EB4 /* UINavigationControllerExtension.swift */,
			);
			path = Extra;
			sourceTree = "<group>";
		};
		EAD5A9C82157F36200DA7EB4 /* Misc */ = {
			isa = PBXGroup;
			children = (
				EAD5A9C92157F37A00DA7EB4 /* GlobalEnums.swift */,
				EAF9978E2158771500E544B3 /* UIAppStyles.swift */,
			);
			path = Misc;
			sourceTree = "<group>";
		};
		EAFC216D21558D5E003C2176 /* API */ = {
			isa = PBXGroup;
			children = (
				EAFC216E21558D8B003C2176 /* MovieTvAPI.swift */,
			);
			path = API;
			sourceTree = "<group>";
		};
		EAFC2170215592CA003C2176 /* Resource */ = {
			isa = PBXGroup;
			children = (
				EA14CD382159E5A100EA7C55 /* TvShow.json */,
				EA14CD362159E55600EA7C55 /* Movie.json */,
				EAFC217521559410003C2176 /* Movies.json */,
				EAFC21732155939C003C2176 /* Tv.json */,
			);
			path = Resource;
			sourceTree = "<group>";
		};
		EAFC217721559485003C2176 /* Model */ = {
			isa = PBXGroup;
			children = (
				EAD5A9BD2156E1D100DA7EB4 /* MovieList.swift */,
				EAFC217821559DF0003C2176 /* Movie.swift */,
				EAFC217A2155A1B5003C2176 /* TVShow.swift */,
				EAFC217C2155A212003C2176 /* Program.swift */,
				EAD5A9C62157103F00DA7EB4 /* TVList.swift */,
				EA14CD2B21598C6900EA7C55 /* Video.swift */,
			);
			path = Model;
			sourceTree = "<group>";
		};
/* End PBXGroup section */

/* Begin PBXNativeTarget section */
		EA1471B121558AB3001B1D0E /* MoviesTV */ = {
			isa = PBXNativeTarget;
			buildConfigurationList = EA1471DA21558AB3001B1D0E /* Build configuration list for PBXNativeTarget "MoviesTV" */;
			buildPhases = (
				0103E9B3C4137A50E0588078 /* [CP] Check Pods Manifest.lock */,
				EA1471AE21558AB3001B1D0E /* Sources */,
				EA1471AF21558AB3001B1D0E /* Frameworks */,
				EA1471B021558AB3001B1D0E /* Resources */,
				8D41CCAAF7D9E3F376BCCD0C /* [CP] Embed Pods Frameworks */,
				7E2AA3FB5181E3EC76355DAF /* [CP] Copy Pods Resources */,
			);
			buildRules = (
			);
			dependencies = (
			);
			name = MoviesTV;
			productName = "Movies&Tvs";
			productReference = EA1471B221558AB3001B1D0E /* MoviesTV.app */;
			productType = "com.apple.product-type.application";
		};
		EA1471C521558AB3001B1D0E /* MoviesTVTests */ = {
			isa = PBXNativeTarget;
			buildConfigurationList = EA1471DD21558AB3001B1D0E /* Build configuration list for PBXNativeTarget "MoviesTVTests" */;
			buildPhases = (
				841DA4C29A965232E798B1D4 /* [CP] Check Pods Manifest.lock */,
				EA1471C221558AB3001B1D0E /* Sources */,
				EA1471C321558AB3001B1D0E /* Frameworks */,
				EA1471C421558AB3001B1D0E /* Resources */,
				E528896CAD21A1460EDD496B /* [CP] Embed Pods Frameworks */,
				BA1FE435F45620940FBAC7BD /* [CP] Copy Pods Resources */,
			);
			buildRules = (
			);
			dependencies = (
				EA1471C821558AB3001B1D0E /* PBXTargetDependency */,
			);
			name = MoviesTVTests;
			productName = "Movies&TvsTests";
			productReference = EA1471C621558AB3001B1D0E /* MoviesTVTests.xctest */;
			productType = "com.apple.product-type.bundle.unit-test";
		};
		EA1471D021558AB3001B1D0E /* MoviesTVUITests */ = {
			isa = PBXNativeTarget;
			buildConfigurationList = EA1471E021558AB3001B1D0E /* Build configuration list for PBXNativeTarget "MoviesTVUITests" */;
			buildPhases = (
				5B61C4561652E5FF1149760C /* [CP] Check Pods Manifest.lock */,
				EA1471CD21558AB3001B1D0E /* Sources */,
				EA1471CE21558AB3001B1D0E /* Frameworks */,
				EA1471CF21558AB3001B1D0E /* Resources */,
				E014DDCC8507ED4D16FD155F /* [CP] Embed Pods Frameworks */,
				5BD60E795C8058B79427002A /* [CP] Copy Pods Resources */,
			);
			buildRules = (
			);
			dependencies = (
				EA1471D321558AB3001B1D0E /* PBXTargetDependency */,
			);
			name = MoviesTVUITests;
			productName = "Movies&TvsUITests";
			productReference = EA1471D121558AB3001B1D0E /* MoviesTVUITests.xctest */;
			productType = "com.apple.product-type.bundle.ui-testing";
		};
/* End PBXNativeTarget section */

/* Begin PBXProject section */
		EA1471AA21558AB3001B1D0E /* Project object */ = {
			isa = PBXProject;
			attributes = {
				LastSwiftUpdateCheck = 0920;
				LastUpgradeCheck = 0920;
				ORGANIZATIONNAME = "Jesus Paraada";
				TargetAttributes = {
					EA1471B121558AB3001B1D0E = {
						CreatedOnToolsVersion = 9.2;
						ProvisioningStyle = Automatic;
					};
					EA1471C521558AB3001B1D0E = {
						CreatedOnToolsVersion = 9.2;
						ProvisioningStyle = Automatic;
						TestTargetID = EA1471B121558AB3001B1D0E;
					};
					EA1471D021558AB3001B1D0E = {
						CreatedOnToolsVersion = 9.2;
						ProvisioningStyle = Automatic;
						TestTargetID = EA1471B121558AB3001B1D0E;
					};
				};
			};
			buildConfigurationList = EA1471AD21558AB3001B1D0E /* Build configuration list for PBXProject "MoviesTV" */;
			compatibilityVersion = "Xcode 8.0";
			developmentRegion = en;
			hasScannedForEncodings = 0;
			knownRegions = (
				en,
				Base,
			);
			mainGroup = EA1471A921558AB3001B1D0E;
			productRefGroup = EA1471B321558AB3001B1D0E /* Products */;
			projectDirPath = "";
			projectRoot = "";
			targets = (
				EA1471B121558AB3001B1D0E /* MoviesTV */,
				EA1471C521558AB3001B1D0E /* MoviesTVTests */,
				EA1471D021558AB3001B1D0E /* MoviesTVUITests */,
			);
		};
/* End PBXProject section */

/* Begin PBXResourcesBuildPhase section */
		EA1471B021558AB3001B1D0E /* Resources */ = {
			isa = PBXResourcesBuildPhase;
			buildActionMask = 2147483647;
			files = (
				EAD5A9C32156F1D500DA7EB4 /* ProgramListCell.xib in Resources */,
				EA1471C021558AB3001B1D0E /* LaunchScreen.storyboard in Resources */,
				EA14CD312159D97700EA7C55 /* Movies.json in Resources */,
				EA14CD372159E55600EA7C55 /* Movie.json in Resources */,
				EA14CD322159D97A00EA7C55 /* Tv.json in Resources */,
				EA1471BD21558AB3001B1D0E /* Assets.xcassets in Resources */,
				EA14CD392159E5A100EA7C55 /* TvShow.json in Resources */,
				EAD5A9BC2156E1BA00DA7EB4 /* ProgamListVC.storyboard in Resources */,
			);
			runOnlyForDeploymentPostprocessing = 0;
		};
		EA1471C421558AB3001B1D0E /* Resources */ = {
			isa = PBXResourcesBuildPhase;
			buildActionMask = 2147483647;
			files = (
				EAFC217621559410003C2176 /* Movies.json in Resources */,
				EA14CD3B2159E5AC00EA7C55 /* TvShow.json in Resources */,
				EAFC21742155939C003C2176 /* Tv.json in Resources */,
			);
			runOnlyForDeploymentPostprocessing = 0;
		};
		EA1471CF21558AB3001B1D0E /* Resources */ = {
			isa = PBXResourcesBuildPhase;
			buildActionMask = 2147483647;
			files = (
			);
			runOnlyForDeploymentPostprocessing = 0;
		};
/* End PBXResourcesBuildPhase section */

/* Begin PBXShellScriptBuildPhase section */
		0103E9B3C4137A50E0588078 /* [CP] Check Pods Manifest.lock */ = {
			isa = PBXShellScriptBuildPhase;
			buildActionMask = 2147483647;
			files = (
			);
			inputPaths = (
				"${PODS_PODFILE_DIR_PATH}/Podfile.lock",
				"${PODS_ROOT}/Manifest.lock",
			);
			name = "[CP] Check Pods Manifest.lock";
			outputPaths = (
				"$(DERIVED_FILE_DIR)/Pods-MoviesTV-checkManifestLockResult.txt",
			);
			runOnlyForDeploymentPostprocessing = 0;
			shellPath = /bin/sh;
			shellScript = "diff \"${PODS_PODFILE_DIR_PATH}/Podfile.lock\" \"${PODS_ROOT}/Manifest.lock\" > /dev/null\nif [ $? != 0 ] ; then\n    # print error to STDERR\n    echo \"error: The sandbox is not in sync with the Podfile.lock. Run 'pod install' or update your CocoaPods installation.\" >&2\n    exit 1\nfi\n# This output is used by Xcode 'outputs' to avoid re-running this script phase.\necho \"SUCCESS\" > \"${SCRIPT_OUTPUT_FILE_0}\"\n";
			showEnvVarsInLog = 0;
		};
		5B61C4561652E5FF1149760C /* [CP] Check Pods Manifest.lock */ = {
			isa = PBXShellScriptBuildPhase;
			buildActionMask = 2147483647;
			files = (
			);
			inputPaths = (
				"${PODS_PODFILE_DIR_PATH}/Podfile.lock",
				"${PODS_ROOT}/Manifest.lock",
			);
			name = "[CP] Check Pods Manifest.lock";
			outputPaths = (
				"$(DERIVED_FILE_DIR)/Pods-MoviesTVUITests-checkManifestLockResult.txt",
			);
			runOnlyForDeploymentPostprocessing = 0;
			shellPath = /bin/sh;
			shellScript = "diff \"${PODS_PODFILE_DIR_PATH}/Podfile.lock\" \"${PODS_ROOT}/Manifest.lock\" > /dev/null\nif [ $? != 0 ] ; then\n    # print error to STDERR\n    echo \"error: The sandbox is not in sync with the Podfile.lock. Run 'pod install' or update your CocoaPods installation.\" >&2\n    exit 1\nfi\n# This output is used by Xcode 'outputs' to avoid re-running this script phase.\necho \"SUCCESS\" > \"${SCRIPT_OUTPUT_FILE_0}\"\n";
			showEnvVarsInLog = 0;
		};
		5BD60E795C8058B79427002A /* [CP] Copy Pods Resources */ = {
			isa = PBXShellScriptBuildPhase;
			buildActionMask = 2147483647;
			files = (
			);
			inputPaths = (
			);
			name = "[CP] Copy Pods Resources";
			outputPaths = (
			);
			runOnlyForDeploymentPostprocessing = 0;
			shellPath = /bin/sh;
			shellScript = "\"${SRCROOT}/Pods/Target Support Files/Pods-MoviesTVUITests/Pods-MoviesTVUITests-resources.sh\"\n";
			showEnvVarsInLog = 0;
		};
		7E2AA3FB5181E3EC76355DAF /* [CP] Copy Pods Resources */ = {
			isa = PBXShellScriptBuildPhase;
			buildActionMask = 2147483647;
			files = (
			);
			inputPaths = (
			);
			name = "[CP] Copy Pods Resources";
			outputPaths = (
			);
			runOnlyForDeploymentPostprocessing = 0;
			shellPath = /bin/sh;
			shellScript = "\"${SRCROOT}/Pods/Target Support Files/Pods-MoviesTV/Pods-MoviesTV-resources.sh\"\n";
			showEnvVarsInLog = 0;
		};
		841DA4C29A965232E798B1D4 /* [CP] Check Pods Manifest.lock */ = {
			isa = PBXShellScriptBuildPhase;
			buildActionMask = 2147483647;
			files = (
			);
			inputPaths = (
				"${PODS_PODFILE_DIR_PATH}/Podfile.lock",
				"${PODS_ROOT}/Manifest.lock",
			);
			name = "[CP] Check Pods Manifest.lock";
			outputPaths = (
				"$(DERIVED_FILE_DIR)/Pods-MoviesTVTests-checkManifestLockResult.txt",
			);
			runOnlyForDeploymentPostprocessing = 0;
			shellPath = /bin/sh;
			shellScript = "diff \"${PODS_PODFILE_DIR_PATH}/Podfile.lock\" \"${PODS_ROOT}/Manifest.lock\" > /dev/null\nif [ $? != 0 ] ; then\n    # print error to STDERR\n    echo \"error: The sandbox is not in sync with the Podfile.lock. Run 'pod install' or update your CocoaPods installation.\" >&2\n    exit 1\nfi\n# This output is used by Xcode 'outputs' to avoid re-running this script phase.\necho \"SUCCESS\" > \"${SCRIPT_OUTPUT_FILE_0}\"\n";
			showEnvVarsInLog = 0;
		};
		8D41CCAAF7D9E3F376BCCD0C /* [CP] Embed Pods Frameworks */ = {
			isa = PBXShellScriptBuildPhase;
			buildActionMask = 2147483647;
			files = (
			);
			inputPaths = (
				"${SRCROOT}/Pods/Target Support Files/Pods-MoviesTV/Pods-MoviesTV-frameworks.sh",
				"${BUILT_PRODUCTS_DIR}/Alamofire/Alamofire.framework",
				"${BUILT_PRODUCTS_DIR}/Differentiator/Differentiator.framework",
				"${BUILT_PRODUCTS_DIR}/DropDown/DropDown.framework",
				"${BUILT_PRODUCTS_DIR}/Kingfisher/Kingfisher.framework",
				"${BUILT_PRODUCTS_DIR}/Moya/Moya.framework",
				"${BUILT_PRODUCTS_DIR}/Moya-ObjectMapper/Moya_ObjectMapper.framework",
				"${BUILT_PRODUCTS_DIR}/ObjectMapper/ObjectMapper.framework",
				"${BUILT_PRODUCTS_DIR}/Result/Result.framework",
				"${BUILT_PRODUCTS_DIR}/RxCocoa/RxCocoa.framework",
				"${BUILT_PRODUCTS_DIR}/RxDataSources/RxDataSources.framework",
				"${BUILT_PRODUCTS_DIR}/RxSwift/RxSwift.framework",
				"${BUILT_PRODUCTS_DIR}/SwiftSpinner/SwiftSpinner.framework",
				"${BUILT_PRODUCTS_DIR}/SwiftyHelpers/SwiftyHelpers.framework",
				"${BUILT_PRODUCTS_DIR}/youtube-ios-player-helper/youtube_ios_player_helper.framework",
			);
			name = "[CP] Embed Pods Frameworks";
			outputPaths = (
				"${TARGET_BUILD_DIR}/${FRAMEWORKS_FOLDER_PATH}/Alamofire.framework",
				"${TARGET_BUILD_DIR}/${FRAMEWORKS_FOLDER_PATH}/Differentiator.framework",
				"${TARGET_BUILD_DIR}/${FRAMEWORKS_FOLDER_PATH}/DropDown.framework",
				"${TARGET_BUILD_DIR}/${FRAMEWORKS_FOLDER_PATH}/Kingfisher.framework",
				"${TARGET_BUILD_DIR}/${FRAMEWORKS_FOLDER_PATH}/Moya.framework",
				"${TARGET_BUILD_DIR}/${FRAMEWORKS_FOLDER_PATH}/Moya_ObjectMapper.framework",
				"${TARGET_BUILD_DIR}/${FRAMEWORKS_FOLDER_PATH}/ObjectMapper.framework",
				"${TARGET_BUILD_DIR}/${FRAMEWORKS_FOLDER_PATH}/Result.framework",
				"${TARGET_BUILD_DIR}/${FRAMEWORKS_FOLDER_PATH}/RxCocoa.framework",
				"${TARGET_BUILD_DIR}/${FRAMEWORKS_FOLDER_PATH}/RxDataSources.framework",
				"${TARGET_BUILD_DIR}/${FRAMEWORKS_FOLDER_PATH}/RxSwift.framework",
				"${TARGET_BUILD_DIR}/${FRAMEWORKS_FOLDER_PATH}/SwiftSpinner.framework",
				"${TARGET_BUILD_DIR}/${FRAMEWORKS_FOLDER_PATH}/SwiftyHelpers.framework",
				"${TARGET_BUILD_DIR}/${FRAMEWORKS_FOLDER_PATH}/youtube_ios_player_helper.framework",
			);
			runOnlyForDeploymentPostprocessing = 0;
			shellPath = /bin/sh;
			shellScript = "\"${SRCROOT}/Pods/Target Support Files/Pods-MoviesTV/Pods-MoviesTV-frameworks.sh\"\n";
			showEnvVarsInLog = 0;
		};
		BA1FE435F45620940FBAC7BD /* [CP] Copy Pods Resources */ = {
			isa = PBXShellScriptBuildPhase;
			buildActionMask = 2147483647;
			files = (
			);
			inputPaths = (
			);
			name = "[CP] Copy Pods Resources";
			outputPaths = (
			);
			runOnlyForDeploymentPostprocessing = 0;
			shellPath = /bin/sh;
			shellScript = "\"${SRCROOT}/Pods/Target Support Files/Pods-MoviesTVTests/Pods-MoviesTVTests-resources.sh\"\n";
			showEnvVarsInLog = 0;
		};
		E014DDCC8507ED4D16FD155F /* [CP] Embed Pods Frameworks */ = {
			isa = PBXShellScriptBuildPhase;
			buildActionMask = 2147483647;
			files = (
			);
			inputPaths = (
			);
			name = "[CP] Embed Pods Frameworks";
			outputPaths = (
			);
			runOnlyForDeploymentPostprocessing = 0;
			shellPath = /bin/sh;
			shellScript = "\"${SRCROOT}/Pods/Target Support Files/Pods-MoviesTVUITests/Pods-MoviesTVUITests-frameworks.sh\"\n";
			showEnvVarsInLog = 0;
		};
		E528896CAD21A1460EDD496B /* [CP] Embed Pods Frameworks */ = {
			isa = PBXShellScriptBuildPhase;
			buildActionMask = 2147483647;
			files = (
			);
			inputPaths = (
			);
			name = "[CP] Embed Pods Frameworks";
			outputPaths = (
			);
			runOnlyForDeploymentPostprocessing = 0;
			shellPath = /bin/sh;
			shellScript = "\"${SRCROOT}/Pods/Target Support Files/Pods-MoviesTVTests/Pods-MoviesTVTests-frameworks.sh\"\n";
			showEnvVarsInLog = 0;
		};
/* End PBXShellScriptBuildPhase section */

/* Begin PBXSourcesBuildPhase section */
		EA1471AE21558AB3001B1D0E /* Sources */ = {
			isa = PBXSourcesBuildPhase;
			buildActionMask = 2147483647;
			files = (
				EAD5A9BE2156E1D100DA7EB4 /* MovieList.swift in Sources */,
				EAFC216F21558D8B003C2176 /* MovieTvAPI.swift in Sources */,
				EAF9978F2158771500E544B3 /* UIAppStyles.swift in Sources */,
				EA4B24E321588FF4000C457D /* DetailViewController.swift in Sources */,
				EAD5A9C12156E7BE00DA7EB4 /* UINavigationControllerExtension.swift in Sources */,
				EAFC217D2155A212003C2176 /* Program.swift in Sources */,
				EAFC217921559DF0003C2176 /* Movie.swift in Sources */,
				EAD5A9B52156E17800DA7EB4 /* ProgramsViewModel.swift in Sources */,
				EAFC217B2155A1B5003C2176 /* TVShow.swift in Sources */,
				EAD5A9BB2156E1BA00DA7EB4 /* ProgamListVC.swift in Sources */,
				EAD5A9C52156FFCB00DA7EB4 /* ProgramListCell.swift in Sources */,
				EA14CD2C21598C6900EA7C55 /* Video.swift in Sources */,
				EA14CD27215959CC00EA7C55 /* Router.swift in Sources */,
				EAD5A9CA2157F37A00DA7EB4 /* GlobalEnums.swift in Sources */,
				EA1471B621558AB3001B1D0E /* AppDelegate.swift in Sources */,
				EA14CD252159212800EA7C55 /* DetailViewModel.swift in Sources */,
				EAD5A9C72157103F00DA7EB4 /* TVList.swift in Sources */,
			);
			runOnlyForDeploymentPostprocessing = 0;
		};
		EA1471C221558AB3001B1D0E /* Sources */ = {
			isa = PBXSourcesBuildPhase;
			buildActionMask = 2147483647;
			files = (
				EA1471CB21558AB3001B1D0E /* Movies_TvsTests.swift in Sources */,
				EA14CD302159D47700EA7C55 /* ProgramsViewModelTests.swift in Sources */,
				EA14CD352159E4C400EA7C55 /* DetailViewModelTests.swift in Sources */,
			);
			runOnlyForDeploymentPostprocessing = 0;
		};
		EA1471CD21558AB3001B1D0E /* Sources */ = {
			isa = PBXSourcesBuildPhase;
			buildActionMask = 2147483647;
			files = (
				EA1471D621558AB3001B1D0E /* Movies_TvsUITests.swift in Sources */,
			);
			runOnlyForDeploymentPostprocessing = 0;
		};
/* End PBXSourcesBuildPhase section */

/* Begin PBXTargetDependency section */
		EA1471C821558AB3001B1D0E /* PBXTargetDependency */ = {
			isa = PBXTargetDependency;
			target = EA1471B121558AB3001B1D0E /* MoviesTV */;
			targetProxy = EA1471C721558AB3001B1D0E /* PBXContainerItemProxy */;
		};
		EA1471D321558AB3001B1D0E /* PBXTargetDependency */ = {
			isa = PBXTargetDependency;
			target = EA1471B121558AB3001B1D0E /* MoviesTV */;
			targetProxy = EA1471D221558AB3001B1D0E /* PBXContainerItemProxy */;
		};
/* End PBXTargetDependency section */

/* Begin PBXVariantGroup section */
		EA1471BE21558AB3001B1D0E /* LaunchScreen.storyboard */ = {
			isa = PBXVariantGroup;
			children = (
				EA1471BF21558AB3001B1D0E /* Base */,
			);
			name = LaunchScreen.storyboard;
			sourceTree = "<group>";
		};
		EAD5A9B92156E1BA00DA7EB4 /* ProgamListVC.storyboard */ = {
			isa = PBXVariantGroup;
			children = (
				EAD5A9BA2156E1BA00DA7EB4 /* Base */,
			);
			name = ProgamListVC.storyboard;
			sourceTree = "<group>";
		};
/* End PBXVariantGroup section */

/* Begin XCBuildConfiguration section */
		EA1471D821558AB3001B1D0E /* Debug */ = {
			isa = XCBuildConfiguration;
			buildSettings = {
				ALWAYS_SEARCH_USER_PATHS = NO;
				CLANG_ANALYZER_NONNULL = YES;
				CLANG_ANALYZER_NUMBER_OBJECT_CONVERSION = YES_AGGRESSIVE;
				CLANG_CXX_LANGUAGE_STANDARD = "gnu++14";
				CLANG_CXX_LIBRARY = "libc++";
				CLANG_ENABLE_MODULES = YES;
				CLANG_ENABLE_OBJC_ARC = YES;
				CLANG_WARN_BLOCK_CAPTURE_AUTORELEASING = YES;
				CLANG_WARN_BOOL_CONVERSION = YES;
				CLANG_WARN_COMMA = YES;
				CLANG_WARN_CONSTANT_CONVERSION = YES;
				CLANG_WARN_DIRECT_OBJC_ISA_USAGE = YES_ERROR;
				CLANG_WARN_DOCUMENTATION_COMMENTS = YES;
				CLANG_WARN_EMPTY_BODY = YES;
				CLANG_WARN_ENUM_CONVERSION = YES;
				CLANG_WARN_INFINITE_RECURSION = YES;
				CLANG_WARN_INT_CONVERSION = YES;
				CLANG_WARN_NON_LITERAL_NULL_CONVERSION = YES;
				CLANG_WARN_OBJC_LITERAL_CONVERSION = YES;
				CLANG_WARN_OBJC_ROOT_CLASS = YES_ERROR;
				CLANG_WARN_RANGE_LOOP_ANALYSIS = YES;
				CLANG_WARN_STRICT_PROTOTYPES = YES;
				CLANG_WARN_SUSPICIOUS_MOVE = YES;
				CLANG_WARN_UNGUARDED_AVAILABILITY = YES_AGGRESSIVE;
				CLANG_WARN_UNREACHABLE_CODE = YES;
				CLANG_WARN__DUPLICATE_METHOD_MATCH = YES;
				CODE_SIGN_IDENTITY = "iPhone Developer";
				COPY_PHASE_STRIP = NO;
				DEBUG_INFORMATION_FORMAT = dwarf;
				ENABLE_STRICT_OBJC_MSGSEND = YES;
				ENABLE_TESTABILITY = YES;
				GCC_C_LANGUAGE_STANDARD = gnu11;
				GCC_DYNAMIC_NO_PIC = NO;
				GCC_NO_COMMON_BLOCKS = YES;
				GCC_OPTIMIZATION_LEVEL = 0;
				GCC_PREPROCESSOR_DEFINITIONS = (
					"DEBUG=1",
					"$(inherited)",
				);
				GCC_WARN_64_TO_32_BIT_CONVERSION = YES;
				GCC_WARN_ABOUT_RETURN_TYPE = YES_ERROR;
				GCC_WARN_UNDECLARED_SELECTOR = YES;
				GCC_WARN_UNINITIALIZED_AUTOS = YES_AGGRESSIVE;
				GCC_WARN_UNUSED_FUNCTION = YES;
				GCC_WARN_UNUSED_VARIABLE = YES;
				IPHONEOS_DEPLOYMENT_TARGET = 11.2;
				MTL_ENABLE_DEBUG_INFO = YES;
				ONLY_ACTIVE_ARCH = YES;
				SDKROOT = iphoneos;
				SWIFT_ACTIVE_COMPILATION_CONDITIONS = DEBUG;
				SWIFT_OPTIMIZATION_LEVEL = "-Onone";
			};
			name = Debug;
		};
		EA1471D921558AB3001B1D0E /* Release */ = {
			isa = XCBuildConfiguration;
			buildSettings = {
				ALWAYS_SEARCH_USER_PATHS = NO;
				CLANG_ANALYZER_NONNULL = YES;
				CLANG_ANALYZER_NUMBER_OBJECT_CONVERSION = YES_AGGRESSIVE;
				CLANG_CXX_LANGUAGE_STANDARD = "gnu++14";
				CLANG_CXX_LIBRARY = "libc++";
				CLANG_ENABLE_MODULES = YES;
				CLANG_ENABLE_OBJC_ARC = YES;
				CLANG_WARN_BLOCK_CAPTURE_AUTORELEASING = YES;
				CLANG_WARN_BOOL_CONVERSION = YES;
				CLANG_WARN_COMMA = YES;
				CLANG_WARN_CONSTANT_CONVERSION = YES;
				CLANG_WARN_DIRECT_OBJC_ISA_USAGE = YES_ERROR;
				CLANG_WARN_DOCUMENTATION_COMMENTS = YES;
				CLANG_WARN_EMPTY_BODY = YES;
				CLANG_WARN_ENUM_CONVERSION = YES;
				CLANG_WARN_INFINITE_RECURSION = YES;
				CLANG_WARN_INT_CONVERSION = YES;
				CLANG_WARN_NON_LITERAL_NULL_CONVERSION = YES;
				CLANG_WARN_OBJC_LITERAL_CONVERSION = YES;
				CLANG_WARN_OBJC_ROOT_CLASS = YES_ERROR;
				CLANG_WARN_RANGE_LOOP_ANALYSIS = YES;
				CLANG_WARN_STRICT_PROTOTYPES = YES;
				CLANG_WARN_SUSPICIOUS_MOVE = YES;
				CLANG_WARN_UNGUARDED_AVAILABILITY = YES_AGGRESSIVE;
				CLANG_WARN_UNREACHABLE_CODE = YES;
				CLANG_WARN__DUPLICATE_METHOD_MATCH = YES;
				CODE_SIGN_IDENTITY = "iPhone Developer";
				COPY_PHASE_STRIP = NO;
				DEBUG_INFORMATION_FORMAT = "dwarf-with-dsym";
				ENABLE_NS_ASSERTIONS = NO;
				ENABLE_STRICT_OBJC_MSGSEND = YES;
				GCC_C_LANGUAGE_STANDARD = gnu11;
				GCC_NO_COMMON_BLOCKS = YES;
				GCC_WARN_64_TO_32_BIT_CONVERSION = YES;
				GCC_WARN_ABOUT_RETURN_TYPE = YES_ERROR;
				GCC_WARN_UNDECLARED_SELECTOR = YES;
				GCC_WARN_UNINITIALIZED_AUTOS = YES_AGGRESSIVE;
				GCC_WARN_UNUSED_FUNCTION = YES;
				GCC_WARN_UNUSED_VARIABLE = YES;
				IPHONEOS_DEPLOYMENT_TARGET = 11.2;
				MTL_ENABLE_DEBUG_INFO = NO;
				SDKROOT = iphoneos;
				SWIFT_OPTIMIZATION_LEVEL = "-Owholemodule";
				VALIDATE_PRODUCT = YES;
			};
			name = Release;
		};
		EA1471DB21558AB3001B1D0E /* Debug */ = {
			isa = XCBuildConfiguration;
			baseConfigurationReference = AE0AB3D0B3EE84941A3529CE /* Pods-MoviesTV.debug.xcconfig */;
			buildSettings = {
				ASSETCATALOG_COMPILER_APPICON_NAME = AppIcon;
				CODE_SIGN_STYLE = Automatic;
				DEVELOPMENT_TEAM = LQ7EM5J29H;
				INFOPLIST_FILE = "Movies&Tvs/Info.plist";
				LD_RUNPATH_SEARCH_PATHS = "$(inherited) @executable_path/Frameworks";
				PRODUCT_BUNDLE_IDENTIFIER = "com.jesus.topMovies.Movies-Tvs";
				PRODUCT_NAME = "$(TARGET_NAME)";
				SWIFT_VERSION = 4.0;
				TARGETED_DEVICE_FAMILY = "1,2";
			};
			name = Debug;
		};
		EA1471DC21558AB3001B1D0E /* Release */ = {
			isa = XCBuildConfiguration;
			baseConfigurationReference = B5C5410BC86A9162A5C4ED86 /* Pods-MoviesTV.release.xcconfig */;
			buildSettings = {
				ASSETCATALOG_COMPILER_APPICON_NAME = AppIcon;
				CODE_SIGN_STYLE = Automatic;
				DEVELOPMENT_TEAM = LQ7EM5J29H;
				ENABLE_TESTABILITY = YES;
				INFOPLIST_FILE = "Movies&Tvs/Info.plist";
				LD_RUNPATH_SEARCH_PATHS = "$(inherited) @executable_path/Frameworks";
				PRODUCT_BUNDLE_IDENTIFIER = "com.jesus.topMovies.Movies-Tvs";
				PRODUCT_NAME = "$(TARGET_NAME)";
				SWIFT_VERSION = 4.0;
				TARGETED_DEVICE_FAMILY = "1,2";
			};
			name = Release;
		};
		EA1471DE21558AB3001B1D0E /* Debug */ = {
			isa = XCBuildConfiguration;
			baseConfigurationReference = E981A7AAC99C3AF01CD2A619 /* Pods-MoviesTVTests.debug.xcconfig */;
			buildSettings = {
				ALWAYS_EMBED_SWIFT_STANDARD_LIBRARIES = YES;
				BUNDLE_LOADER = "$(TEST_HOST)";
				CODE_SIGN_STYLE = Automatic;
				DEVELOPMENT_TEAM = LQ7EM5J29H;
				INFOPLIST_FILE = "Movies&TvsTests/Info.plist";
				LD_RUNPATH_SEARCH_PATHS = "$(inherited) @executable_path/Frameworks @loader_path/Frameworks";
				PRODUCT_BUNDLE_IDENTIFIER = "com.jesus.topMovies.Movies-TvsTests";
				PRODUCT_NAME = "$(TARGET_NAME)";
				SWIFT_VERSION = 4.0;
				TARGETED_DEVICE_FAMILY = "1,2";
				TEST_HOST = "$(BUILT_PRODUCTS_DIR)/MoviesTV.app/MoviesTV";
			};
			name = Debug;
		};
		EA1471DF21558AB3001B1D0E /* Release */ = {
			isa = XCBuildConfiguration;
			baseConfigurationReference = 341FDD74122E29D6226CC5DD /* Pods-MoviesTVTests.release.xcconfig */;
			buildSettings = {
				ALWAYS_EMBED_SWIFT_STANDARD_LIBRARIES = YES;
				BUNDLE_LOADER = "$(TEST_HOST)";
				CODE_SIGN_STYLE = Automatic;
				DEVELOPMENT_TEAM = LQ7EM5J29H;
				INFOPLIST_FILE = "Movies&TvsTests/Info.plist";
				LD_RUNPATH_SEARCH_PATHS = "$(inherited) @executable_path/Frameworks @loader_path/Frameworks";
				PRODUCT_BUNDLE_IDENTIFIER = "com.jesus.topMovies.Movies-TvsTests";
				PRODUCT_NAME = "$(TARGET_NAME)";
				SWIFT_VERSION = 4.0;
				TARGETED_DEVICE_FAMILY = "1,2";
				TEST_HOST = "$(BUILT_PRODUCTS_DIR)/MoviesTV.app/MoviesTV";
			};
			name = Release;
		};
		EA1471E121558AB3001B1D0E /* Debug */ = {
			isa = XCBuildConfiguration;
			baseConfigurationReference = E79FEF6D22FE22369F8F6290 /* Pods-MoviesTVUITests.debug.xcconfig */;
			buildSettings = {
				ALWAYS_EMBED_SWIFT_STANDARD_LIBRARIES = YES;
				CODE_SIGN_STYLE = Automatic;
				DEVELOPMENT_TEAM = LQ7EM5J29H;
				INFOPLIST_FILE = "Movies&TvsUITests/Info.plist";
				LD_RUNPATH_SEARCH_PATHS = "$(inherited) @executable_path/Frameworks @loader_path/Frameworks";
				PRODUCT_BUNDLE_IDENTIFIER = "com.jesus.topMovies.Movies-TvsUITests";
				PRODUCT_NAME = "$(TARGET_NAME)";
				SWIFT_VERSION = 4.0;
				TARGETED_DEVICE_FAMILY = "1,2";
				TEST_TARGET_NAME = "Movies&Tvs";
			};
			name = Debug;
		};
		EA1471E221558AB3001B1D0E /* Release */ = {
			isa = XCBuildConfiguration;
			baseConfigurationReference = 4FBB373860FB98655688F3CB /* Pods-MoviesTVUITests.release.xcconfig */;
			buildSettings = {
				ALWAYS_EMBED_SWIFT_STANDARD_LIBRARIES = YES;
				CODE_SIGN_STYLE = Automatic;
				DEVELOPMENT_TEAM = LQ7EM5J29H;
				INFOPLIST_FILE = "Movies&TvsUITests/Info.plist";
				LD_RUNPATH_SEARCH_PATHS = "$(inherited) @executable_path/Frameworks @loader_path/Frameworks";
				PRODUCT_BUNDLE_IDENTIFIER = "com.jesus.topMovies.Movies-TvsUITests";
				PRODUCT_NAME = "$(TARGET_NAME)";
				SWIFT_VERSION = 4.0;
				TARGETED_DEVICE_FAMILY = "1,2";
				TEST_TARGET_NAME = "Movies&Tvs";
			};
			name = Release;
		};
/* End XCBuildConfiguration section */

/* Begin XCConfigurationList section */
		EA1471AD21558AB3001B1D0E /* Build configuration list for PBXProject "MoviesTV" */ = {
			isa = XCConfigurationList;
			buildConfigurations = (
				EA1471D821558AB3001B1D0E /* Debug */,
				EA1471D921558AB3001B1D0E /* Release */,
			);
			defaultConfigurationIsVisible = 0;
			defaultConfigurationName = Release;
		};
		EA1471DA21558AB3001B1D0E /* Build configuration list for PBXNativeTarget "MoviesTV" */ = {
			isa = XCConfigurationList;
			buildConfigurations = (
				EA1471DB21558AB3001B1D0E /* Debug */,
				EA1471DC21558AB3001B1D0E /* Release */,
			);
			defaultConfigurationIsVisible = 0;
			defaultConfigurationName = Release;
		};
		EA1471DD21558AB3001B1D0E /* Build configuration list for PBXNativeTarget "MoviesTVTests" */ = {
			isa = XCConfigurationList;
			buildConfigurations = (
				EA1471DE21558AB3001B1D0E /* Debug */,
				EA1471DF21558AB3001B1D0E /* Release */,
			);
			defaultConfigurationIsVisible = 0;
			defaultConfigurationName = Release;
		};
		EA1471E021558AB3001B1D0E /* Build configuration list for PBXNativeTarget "MoviesTVUITests" */ = {
			isa = XCConfigurationList;
			buildConfigurations = (
				EA1471E121558AB3001B1D0E /* Debug */,
				EA1471E221558AB3001B1D0E /* Release */,
			);
			defaultConfigurationIsVisible = 0;
			defaultConfigurationName = Release;
		};
/* End XCConfigurationList section */
	};
	rootObject = EA1471AA21558AB3001B1D0E /* Project object */;
}
